// !$*UTF8*$!
{
	archiveVersion = 1;
	classes = {
	};
	objectVersion = 56;
	objects = {

/* Begin PBXBuildFile section */
		E3484B96299ECA8F00ED0FE1 /* AppDelegate.swift in Sources */ = {isa = PBXBuildFile; fileRef = E3484B95299ECA8F00ED0FE1 /* AppDelegate.swift */; };
		E3484B98299ECA8F00ED0FE1 /* SceneDelegate.swift in Sources */ = {isa = PBXBuildFile; fileRef = E3484B97299ECA8F00ED0FE1 /* SceneDelegate.swift */; };
		E3484B9A299ECA8F00ED0FE1 /* ViewController.swift in Sources */ = {isa = PBXBuildFile; fileRef = E3484B99299ECA8F00ED0FE1 /* ViewController.swift */; };
		E3484B9D299ECA8F00ED0FE1 /* Main.storyboard in Resources */ = {isa = PBXBuildFile; fileRef = E3484B9B299ECA8F00ED0FE1 /* Main.storyboard */; };
		E3484B9F299ECA9200ED0FE1 /* Assets.xcassets in Resources */ = {isa = PBXBuildFile; fileRef = E3484B9E299ECA9200ED0FE1 /* Assets.xcassets */; };
		E3484BA2299ECA9200ED0FE1 /* LaunchScreen.storyboard in Resources */ = {isa = PBXBuildFile; fileRef = E3484BA0299ECA9200ED0FE1 /* LaunchScreen.storyboard */; };
		E3484BAA299ECBE300ED0FE1 /* KriptoTableViewCell.swift in Sources */ = {isa = PBXBuildFile; fileRef = E3484BA9299ECBE300ED0FE1 /* KriptoTableViewCell.swift */; };
		E38FE211299FA89F00AA7F6B /* CryptoCurrency.swift in Sources */ = {isa = PBXBuildFile; fileRef = E38FE210299FA89F00AA7F6B /* CryptoCurrency.swift */; };
		E38FE213299FA98500AA7F6B /* WebService.swift in Sources */ = {isa = PBXBuildFile; fileRef = E38FE212299FA98500AA7F6B /* WebService.swift */; };
		E38FE215299FAEA700AA7F6B /* CryptoViewModel.swift in Sources */ = {isa = PBXBuildFile; fileRef = E38FE214299FAEA700AA7F6B /* CryptoViewModel.swift */; };
/* End PBXBuildFile section */

/* Begin PBXFileReference section */
		E3484B92299ECA8F00ED0FE1 /* KriptoUygulamasi.app */ = {isa = PBXFileReference; explicitFileType = wrapper.application; includeInIndex = 0; path = KriptoUygulamasi.app; sourceTree = BUILT_PRODUCTS_DIR; };
		E3484B95299ECA8F00ED0FE1 /* AppDelegate.swift */ = {isa = PBXFileReference; lastKnownFileType = sourcecode.swift; path = AppDelegate.swift; sourceTree = "<group>"; };
		E3484B97299ECA8F00ED0FE1 /* SceneDelegate.swift */ = {isa = PBXFileReference; lastKnownFileType = sourcecode.swift; path = SceneDelegate.swift; sourceTree = "<group>"; };
		E3484B99299ECA8F00ED0FE1 /* ViewController.swift */ = {isa = PBXFileReference; lastKnownFileType = sourcecode.swift; path = ViewController.swift; sourceTree = "<group>"; };
		E3484B9C299ECA8F00ED0FE1 /* Base */ = {isa = PBXFileReference; lastKnownFileType = file.storyboard; name = Base; path = Base.lproj/Main.storyboard; sourceTree = "<group>"; };
		E3484B9E299ECA9200ED0FE1 /* Assets.xcassets */ = {isa = PBXFileReference; lastKnownFileType = folder.assetcatalog; path = Assets.xcassets; sourceTree = "<group>"; };
		E3484BA1299ECA9200ED0FE1 /* Base */ = {isa = PBXFileReference; lastKnownFileType = file.storyboard; name = Base; path = Base.lproj/LaunchScreen.storyboard; sourceTree = "<group>"; };
		E3484BA3299ECA9200ED0FE1 /* Info.plist */ = {isa = PBXFileReference; lastKnownFileType = text.plist.xml; path = Info.plist; sourceTree = "<group>"; };
		E3484BA9299ECBE300ED0FE1 /* KriptoTableViewCell.swift */ = {isa = PBXFileReference; lastKnownFileType = sourcecode.swift; path = KriptoTableViewCell.swift; sourceTree = "<group>"; };
		E38FE210299FA89F00AA7F6B /* CryptoCurrency.swift */ = {isa = PBXFileReference; lastKnownFileType = sourcecode.swift; path = CryptoCurrency.swift; sourceTree = "<group>"; };
		E38FE212299FA98500AA7F6B /* WebService.swift */ = {isa = PBXFileReference; lastKnownFileType = sourcecode.swift; path = WebService.swift; sourceTree = "<group>"; };
		E38FE214299FAEA700AA7F6B /* CryptoViewModel.swift */ = {isa = PBXFileReference; lastKnownFileType = sourcecode.swift; path = CryptoViewModel.swift; sourceTree = "<group>"; };
/* End PBXFileReference section */

/* Begin PBXFrameworksBuildPhase section */
		E3484B8F299ECA8F00ED0FE1 /* Frameworks */ = {
			isa = PBXFrameworksBuildPhase;
			buildActionMask = 2147483647;
			files = (
			);
			runOnlyForDeploymentPostprocessing = 0;
		};
/* End PBXFrameworksBuildPhase section */

/* Begin PBXGroup section */
		E3484B89299ECA8F00ED0FE1 = {
			isa = PBXGroup;
			children = (
				E3484B94299ECA8F00ED0FE1 /* KriptoUygulamasi */,
				E3484B93299ECA8F00ED0FE1 /* Products */,
			);
			sourceTree = "<group>";
		};
		E3484B93299ECA8F00ED0FE1 /* Products */ = {
			isa = PBXGroup;
			children = (
				E3484B92299ECA8F00ED0FE1 /* KriptoUygulamasi.app */,
			);
			name = Products;
			sourceTree = "<group>";
		};
		E3484B94299ECA8F00ED0FE1 /* KriptoUygulamasi */ = {
			isa = PBXGroup;
			children = (
				E38FE20C299FA81700AA7F6B /* View */,
				E38FE20F299FA83800AA7F6B /* Service */,
				E38FE20E299FA82B00AA7F6B /* ViewModel */,
				E38FE20D299FA82100AA7F6B /* Model */,
				E3484B9B299ECA8F00ED0FE1 /* Main.storyboard */,
				E3484B9E299ECA9200ED0FE1 /* Assets.xcassets */,
				E3484BA0299ECA9200ED0FE1 /* LaunchScreen.storyboard */,
				E3484BA3299ECA9200ED0FE1 /* Info.plist */,
			);
			path = KriptoUygulamasi;
			sourceTree = "<group>";
		};
		E38FE20C299FA81700AA7F6B /* View */ = {
			isa = PBXGroup;
			children = (
				E3484BA9299ECBE300ED0FE1 /* KriptoTableViewCell.swift */,
				E3484B99299ECA8F00ED0FE1 /* ViewController.swift */,
				E3484B97299ECA8F00ED0FE1 /* SceneDelegate.swift */,
				E3484B95299ECA8F00ED0FE1 /* AppDelegate.swift */,
			);
			path = View;
			sourceTree = "<group>";
		};
		E38FE20D299FA82100AA7F6B /* Model */ = {
			isa = PBXGroup;
			children = (
				E38FE210299FA89F00AA7F6B /* CryptoCurrency.swift */,
			);
			path = Model;
			sourceTree = "<group>";
		};
		E38FE20E299FA82B00AA7F6B /* ViewModel */ = {
			isa = PBXGroup;
			children = (
				E38FE214299FAEA700AA7F6B /* CryptoViewModel.swift */,
			);
			path = ViewModel;
			sourceTree = "<group>";
		};
		E38FE20F299FA83800AA7F6B /* Service */ = {
			isa = PBXGroup;
			children = (
				E38FE212299FA98500AA7F6B /* WebService.swift */,
			);
			path = Service;
			sourceTree = "<group>";
		};
/* End PBXGroup section */

/* Begin PBXNativeTarget section */
		E3484B91299ECA8F00ED0FE1 /* KriptoUygulamasi */ = {
			isa = PBXNativeTarget;
			buildConfigurationList = E3484BA6299ECA9200ED0FE1 /* Build configuration list for PBXNativeTarget "KriptoUygulamasi" */;
			buildPhases = (
				E3484B8E299ECA8F00ED0FE1 /* Sources */,
				E3484B8F299ECA8F00ED0FE1 /* Frameworks */,
				E3484B90299ECA8F00ED0FE1 /* Resources */,
			);
			buildRules = (
			);
			dependencies = (
			);
			name = KriptoUygulamasi;
			productName = KriptoUygulamasi;
			productReference = E3484B92299ECA8F00ED0FE1 /* KriptoUygulamasi.app */;
			productType = "com.apple.product-type.application";
		};
/* End PBXNativeTarget section */

/* Begin PBXProject section */
		E3484B8A299ECA8F00ED0FE1 /* Project object */ = {
			isa = PBXProject;
			attributes = {
				BuildIndependentTargetsInParallel = 1;
				LastSwiftUpdateCheck = 1420;
				LastUpgradeCheck = 1420;
				TargetAttributes = {
					E3484B91299ECA8F00ED0FE1 = {
						CreatedOnToolsVersion = 14.2;
					};
				};
			};
			buildConfigurationList = E3484B8D299ECA8F00ED0FE1 /* Build configuration list for PBXProject "KriptoUygulamasi" */;
			compatibilityVersion = "Xcode 14.0";
			developmentRegion = en;
			hasScannedForEncodings = 0;
			knownRegions = (
				en,
				Base,
			);
			mainGroup = E3484B89299ECA8F00ED0FE1;
			productRefGroup = E3484B93299ECA8F00ED0FE1 /* Products */;
			projectDirPath = "";
			projectRoot = "";
			targets = (
				E3484B91299ECA8F00ED0FE1 /* KriptoUygulamasi */,
			);
		};
/* End PBXProject section */

/* Begin PBXResourcesBuildPhase section */
		E3484B90299ECA8F00ED0FE1 /* Resources */ = {
			isa = PBXResourcesBuildPhase;
			buildActionMask = 2147483647;
			files = (
				E3484BA2299ECA9200ED0FE1 /* LaunchScreen.storyboard in Resources */,
				E3484B9F299ECA9200ED0FE1 /* Assets.xcassets in Resources */,
				E3484B9D299ECA8F00ED0FE1 /* Main.storyboard in Resources */,
			);
			runOnlyForDeploymentPostprocessing = 0;
		};
/* End PBXResourcesBuildPhase section */

/* Begin PBXSourcesBuildPhase section */
		E3484B8E299ECA8F00ED0FE1 /* Sources */ = {
			isa = PBXSourcesBuildPhase;
			buildActionMask = 2147483647;
			files = (
				E38FE213299FA98500AA7F6B /* WebService.swift in Sources */,
				E3484BAA299ECBE300ED0FE1 /* KriptoTableViewCell.swift in Sources */,
				E3484B9A299ECA8F00ED0FE1 /* ViewController.swift in Sources */,
				E38FE215299FAEA700AA7F6B /* CryptoViewModel.swift in Sources */,
				E3484B96299ECA8F00ED0FE1 /* AppDelegate.swift in Sources */,
				E38FE211299FA89F00AA7F6B /* CryptoCurrency.swift in Sources */,
				E3484B98299ECA8F00ED0FE1 /* SceneDelegate.swift in Sources */,
			);
			runOnlyForDeploymentPostprocessing = 0;
		};
/* End PBXSourcesBuildPhase section */

/* Begin PBXVariantGroup section */
		E3484B9B299ECA8F00ED0FE1 /* Main.storyboard */ = {
			isa = PBXVariantGroup;
			children = (
				E3484B9C299ECA8F00ED0FE1 /* Base */,
			);
			name = Main.storyboard;
			sourceTree = "<group>";
		};
		E3484BA0299ECA9200ED0FE1 /* LaunchScreen.storyboard */ = {
			isa = PBXVariantGroup;
			children = (
				E3484BA1299ECA9200ED0FE1 /* Base */,
			);
			name = LaunchScreen.storyboard;
			sourceTree = "<group>";
		};
/* End PBXVariantGroup section */

/* Begin XCBuildConfiguration section */
		E3484BA4299ECA9200ED0FE1 /* Debug */ = {
			isa = XCBuildConfiguration;
			buildSettings = {
				ALWAYS_SEARCH_USER_PATHS = NO;
				CLANG_ANALYZER_NONNULL = YES;
				CLANG_ANALYZER_NUMBER_OBJECT_CONVERSION = YES_AGGRESSIVE;
				CLANG_CXX_LANGUAGE_STANDARD = "gnu++20";
				CLANG_ENABLE_MODULES = YES;
				CLANG_ENABLE_OBJC_ARC = YES;
				CLANG_ENABLE_OBJC_WEAK = YES;
				CLANG_WARN_BLOCK_CAPTURE_AUTORELEASING = YES;
				CLANG_WARN_BOOL_CONVERSION = YES;
				CLANG_WARN_COMMA = YES;
				CLANG_WARN_CONSTANT_CONVERSION = YES;
				CLANG_WARN_DEPRECATED_OBJC_IMPLEMENTATIONS = YES;
				CLANG_WARN_DIRECT_OBJC_ISA_USAGE = YES_ERROR;
				CLANG_WARN_DOCUMENTATION_COMMENTS = YES;
				CLANG_WARN_EMPTY_BODY = YES;
				CLANG_WARN_ENUM_CONVERSION = YES;
				CLANG_WARN_INFINITE_RECURSION = YES;
				CLANG_WARN_INT_CONVERSION = YES;
				CLANG_WARN_NON_LITERAL_NULL_CONVERSION = YES;
				CLANG_WARN_OBJC_IMPLICIT_RETAIN_SELF = YES;
				CLANG_WARN_OBJC_LITERAL_CONVERSION = YES;
				CLANG_WARN_OBJC_ROOT_CLASS = YES_ERROR;
				CLANG_WARN_QUOTED_INCLUDE_IN_FRAMEWORK_HEADER = YES;
				CLANG_WARN_RANGE_LOOP_ANALYSIS = YES;
				CLANG_WARN_STRICT_PROTOTYPES = YES;
				CLANG_WARN_SUSPICIOUS_MOVE = YES;
				CLANG_WARN_UNGUARDED_AVAILABILITY = YES_AGGRESSIVE;
				CLANG_WARN_UNREACHABLE_CODE = YES;
				CLANG_WARN__DUPLICATE_METHOD_MATCH = YES;
				COPY_PHASE_STRIP = NO;
				DEBUG_INFORMATION_FORMAT = dwarf;
				ENABLE_STRICT_OBJC_MSGSEND = YES;
				ENABLE_TESTABILITY = YES;
				GCC_C_LANGUAGE_STANDARD = gnu11;
				GCC_DYNAMIC_NO_PIC = NO;
				GCC_NO_COMMON_BLOCKS = YES;
				GCC_OPTIMIZATION_LEVEL = 0;
				GCC_PREPROCESSOR_DEFINITIONS = (
					"DEBUG=1",
					"$(inherited)",
				);
				GCC_WARN_64_TO_32_BIT_CONVERSION = YES;
				GCC_WARN_ABOUT_RETURN_TYPE = YES_ERROR;
				GCC_WARN_UNDECLARED_SELECTOR = YES;
				GCC_WARN_UNINITIALIZED_AUTOS = YES_AGGRESSIVE;
				GCC_WARN_UNUSED_FUNCTION = YES;
				GCC_WARN_UNUSED_VARIABLE = YES;
				IPHONEOS_DEPLOYMENT_TARGET = 16.2;
				MTL_ENABLE_DEBUG_INFO = INCLUDE_SOURCE;
				MTL_FAST_MATH = YES;
				ONLY_ACTIVE_ARCH = YES;
				SDKROOT = iphoneos;
				SWIFT_ACTIVE_COMPILATION_CONDITIONS = DEBUG;
				SWIFT_OPTIMIZATION_LEVEL = "-Onone";
			};
			name = Debug;
		};
		E3484BA5299ECA9200ED0FE1 /* Release */ = {
			isa = XCBuildConfiguration;
			buildSettings = {
				ALWAYS_SEARCH_USER_PATHS = NO;
				CLANG_ANALYZER_NONNULL = YES;
				CLANG_ANALYZER_NUMBER_OBJECT_CONVERSION = YES_AGGRESSIVE;
				CLANG_CXX_LANGUAGE_STANDARD = "gnu++20";
				CLANG_ENABLE_MODULES = YES;
				CLANG_ENABLE_OBJC_ARC = YES;
				CLANG_ENABLE_OBJC_WEAK = YES;
				CLANG_WARN_BLOCK_CAPTURE_AUTORELEASING = YES;
				CLANG_WARN_BOOL_CONVERSION = YES;
				CLANG_WARN_COMMA = YES;
				CLANG_WARN_CONSTANT_CONVERSION = YES;
				CLANG_WARN_DEPRECATED_OBJC_IMPLEMENTATIONS = YES;
				CLANG_WARN_DIRECT_OBJC_ISA_USAGE = YES_ERROR;
				CLANG_WARN_DOCUMENTATION_COMMENTS = YES;
				CLANG_WARN_EMPTY_BODY = YES;
				CLANG_WARN_ENUM_CONVERSION = YES;
				CLANG_WARN_INFINITE_RECURSION = YES;
				CLANG_WARN_INT_CONVERSION = YES;
				CLANG_WARN_NON_LITERAL_NULL_CONVERSION = YES;
				CLANG_WARN_OBJC_IMPLICIT_RETAIN_SELF = YES;
				CLANG_WARN_OBJC_LITERAL_CONVERSION = YES;
				CLANG_WARN_OBJC_ROOT_CLASS = YES_ERROR;
				CLANG_WARN_QUOTED_INCLUDE_IN_FRAMEWORK_HEADER = YES;
				CLANG_WARN_RANGE_LOOP_ANALYSIS = YES;
				CLANG_WARN_STRICT_PROTOTYPES = YES;
				CLANG_WARN_SUSPICIOUS_MOVE = YES;
				CLANG_WARN_UNGUARDED_AVAILABILITY = YES_AGGRESSIVE;
				CLANG_WARN_UNREACHABLE_CODE = YES;
				CLANG_WARN__DUPLICATE_METHOD_MATCH = YES;
				COPY_PHASE_STRIP = NO;
				DEBUG_INFORMATION_FORMAT = "dwarf-with-dsym";
				ENABLE_NS_ASSERTIONS = NO;
				ENABLE_STRICT_OBJC_MSGSEND = YES;
				GCC_C_LANGUAGE_STANDARD = gnu11;
				GCC_NO_COMMON_BLOCKS = YES;
				GCC_WARN_64_TO_32_BIT_CONVERSION = YES;
				GCC_WARN_ABOUT_RETURN_TYPE = YES_ERROR;
				GCC_WARN_UNDECLARED_SELECTOR = YES;
				GCC_WARN_UNINITIALIZED_AUTOS = YES_AGGRESSIVE;
				GCC_WARN_UNUSED_FUNCTION = YES;
				GCC_WARN_UNUSED_VARIABLE = YES;
				IPHONEOS_DEPLOYMENT_TARGET = 16.2;
				MTL_ENABLE_DEBUG_INFO = NO;
				MTL_FAST_MATH = YES;
				SDKROOT = iphoneos;
				SWIFT_COMPILATION_MODE = wholemodule;
				SWIFT_OPTIMIZATION_LEVEL = "-O";
				VALIDATE_PRODUCT = YES;
			};
			name = Release;
		};
		E3484BA7299ECA9200ED0FE1 /* Debug */ = {
			isa = XCBuildConfiguration;
			buildSettings = {
				ASSETCATALOG_COMPILER_APPICON_NAME = AppIcon;
				ASSETCATALOG_COMPILER_GLOBAL_ACCENT_COLOR_NAME = AccentColor;
				CODE_SIGN_STYLE = Automatic;
				CURRENT_PROJECT_VERSION = 1;
				DEVELOPMENT_TEAM = K82JX78JRB;
				GENERATE_INFOPLIST_FILE = YES;
				INFOPLIST_FILE = KriptoUygulamasi/Info.plist;
				INFOPLIST_KEY_UIApplicationSupportsIndirectInputEvents = YES;
				INFOPLIST_KEY_UILaunchStoryboardName = LaunchScreen;
				INFOPLIST_KEY_UIMainStoryboardFile = Main;
				INFOPLIST_KEY_UISupportedInterfaceOrientations_iPad = "UIInterfaceOrientationPortrait UIInterfaceOrientationPortraitUpsideDown UIInterfaceOrientationLandscapeLeft UIInterfaceOrientationLandscapeRight";
				INFOPLIST_KEY_UISupportedInterfaceOrientations_iPhone = "UIInterfaceOrientationPortrait UIInterfaceOrientationLandscapeLeft UIInterfaceOrientationLandscapeRight";
				LD_RUNPATH_SEARCH_PATHS = (
					"$(inherited)",
					"@executable_path/Frameworks",
				);
				MARKETING_VERSION = 1.0;
				PRODUCT_BUNDLE_IDENTIFIER = ahmet.KriptoUygulamasi;
				PRODUCT_NAME = "$(TARGET_NAME)";
				SWIFT_EMIT_LOC_STRINGS = YES;
				SWIFT_VERSION = 5.0;
				TARGETED_DEVICE_FAMILY = "1,2";
			};
			name = Debug;
		};
		E3484BA8299ECA9200ED0FE1 /* Release */ = {
			isa = XCBuildConfiguration;
			buildSettings = {
				ASSETCATALOG_COMPILER_APPICON_NAME = AppIcon;
				ASSETCATALOG_COMPILER_GLOBAL_ACCENT_COLOR_NAME = AccentColor;
				CODE_SIGN_STYLE = Automatic;
				CURRENT_PROJECT_VERSION = 1;
				DEVELOPMENT_TEAM = K82JX78JRB;
				GENERATE_INFOPLIST_FILE = YES;
				INFOPLIST_FILE = KriptoUygulamasi/Info.plist;
				INFOPLIST_KEY_UIApplicationSupportsIndirectInputEvents = YES;
				INFOPLIST_KEY_UILaunchStoryboardName = LaunchScreen;
				INFOPLIST_KEY_UIMainStoryboardFile = Main;
				INFOPLIST_KEY_UISupportedInterfaceOrientations_iPad = "UIInterfaceOrientationPortrait UIInterfaceOrientationPortraitUpsideDown UIInterfaceOrientationLandscapeLeft UIInterfaceOrientationLandscapeRight";
				INFOPLIST_KEY_UISupportedInterfaceOrientations_iPhone = "UIInterfaceOrientationPortrait UIInterfaceOrientationLandscapeLeft UIInterfaceOrientationLandscapeRight";
				LD_RUNPATH_SEARCH_PATHS = (
					"$(inherited)",
					"@executable_path/Frameworks",
				);
				MARKETING_VERSION = 1.0;
				PRODUCT_BUNDLE_IDENTIFIER = ahmet.KriptoUygulamasi;
				PRODUCT_NAME = "$(TARGET_NAME)";
				SWIFT_EMIT_LOC_STRINGS = YES;
				SWIFT_VERSION = 5.0;
				TARGETED_DEVICE_FAMILY = "1,2";
			};
			name = Release;
		};
/* End XCBuildConfiguration section */

/* Begin XCConfigurationList section */
		E3484B8D299ECA8F00ED0FE1 /* Build configuration list for PBXProject "KriptoUygulamasi" */ = {
			isa = XCConfigurationList;
			buildConfigurations = (
				E3484BA4299ECA9200ED0FE1 /* Debug */,
				E3484BA5299ECA9200ED0FE1 /* Release */,
			);
			defaultConfigurationIsVisible = 0;
			defaultConfigurationName = Release;
		};
		E3484BA6299ECA9200ED0FE1 /* Build configuration list for PBXNativeTarget "KriptoUygulamasi" */ = {
			isa = XCConfigurationList;
			buildConfigurations = (
				E3484BA7299ECA9200ED0FE1 /* Debug */,
				E3484BA8299ECA9200ED0FE1 /* Release */,
			);
			defaultConfigurationIsVisible = 0;
			defaultConfigurationName = Release;
		};
/* End XCConfigurationList section */
	};
	rootObject = E3484B8A299ECA8F00ED0FE1 /* Project object */;
}
